
Microsoft Visual Studio Solution File, Format Version 12.00
# Visual Studio 15
VisualStudioVersion = 15.0.27703.2042
MinimumVisualStudioVersion = 10.0.40219.1
Project("{8BC9CEB8-8B4A-11D0-8D11-00A0C91BC942}") = "vfilter", "vfilter\vfilter.vcxproj", "{F177A7BD-B697-4A05-BAC0-D12781F5C462}"
EndProject
Project("{8BC9CEB8-8B4A-11D0-8D11-00A0C91BC942}") = "seemmo_algo", "seemmo_algo\seemmo_algo.vcxproj", "{5B28DD3F-50F4-4B5C-AAB7-585F37C01ACA}"
EndProject
Project("{8BC9CEB8-8B4A-11D0-8D11-00A0C91BC942}") = "gosun_algo", "gosun_algo\gosun_algo.vcxproj", "{A6CD701D-3703-4F83-9B3B-6167205CA89E}"
EndProject
Project("{8BC9CEB8-8B4A-11D0-8D11-00A0C91BC942}") = "FFmpeg_patch", "FFmpeg_patch\FFmpeg_patch.vcxproj", "{412E9ACC-20AF-4FD3-8F84-402D468C25C2}"
EndProject
Project("{8BC9CEB8-8B4A-11D0-8D11-00A0C91BC942}") = "algo_stub", "algo_stub\algo_stub.vcxproj", "{ED941D97-9659-4C96-A752-BED9F099B6B4}"
EndProject
Project("{8BC9CEB8-8B4A-11D0-8D11-00A0C91BC942}") = "common", "common\common.vcxproj", "{1F92150B-85B1-4139-9297-88A3245D66AD}"
EndProject
Project("{8BC9CEB8-8B4A-11D0-8D11-00A0C91BC942}") = "notify", "notify\notify.vcxproj", "{AD6C8523-D799-41F1-9168-6EBFB97674E6}"
EndProject
Global
	GlobalSection(SolutionConfigurationPlatforms) = preSolution
		Debug|Win32 = Debug|Win32
		Debug|x64 = Debug|x64
		Release|Win32 = Release|Win32
		Release|x64 = Release|x64
	EndGlobalSection
	GlobalSection(ProjectConfigurationPlatforms) = postSolution
		{F177A7BD-B697-4A05-BAC0-D12781F5C462}.Debug|Win32.ActiveCfg = Debug|Win32
		{F177A7BD-B697-4A05-BAC0-D12781F5C462}.Debug|Win32.Build.0 = Debug|Win32
		{F177A7BD-B697-4A05-BAC0-D12781F5C462}.Debug|x64.ActiveCfg = Debug|Win32
		{F177A7BD-B697-4A05-BAC0-D12781F5C462}.Release|Win32.ActiveCfg = Release|Win32
		{F177A7BD-B697-4A05-BAC0-D12781F5C462}.Release|Win32.Build.0 = Release|Win32
		{F177A7BD-B697-4A05-BAC0-D12781F5C462}.Release|x64.ActiveCfg = Release|Win32
		{5B28DD3F-50F4-4B5C-AAB7-585F37C01ACA}.Debug|Win32.ActiveCfg = Debug|Win32
		{5B28DD3F-50F4-4B5C-AAB7-585F37C01ACA}.Debug|Win32.Build.0 = Debug|Win32
		{5B28DD3F-50F4-4B5C-AAB7-585F37C01ACA}.Debug|x64.ActiveCfg = Debug|Win32
		{5B28DD3F-50F4-4B5C-AAB7-585F37C01ACA}.Release|Win32.ActiveCfg = Release|Win32
		{5B28DD3F-50F4-4B5C-AAB7-585F37C01ACA}.Release|Win32.Build.0 = Release|Win32
		{5B28DD3F-50F4-4B5C-AAB7-585F37C01ACA}.Release|x64.ActiveCfg = Release|Win32
		{A6CD701D-3703-4F83-9B3B-6167205CA89E}.Debug|Win32.ActiveCfg = Debug|Win32
		{A6CD701D-3703-4F83-9B3B-6167205CA89E}.Debug|Win32.Build.0 = Debug|Win32
		{A6CD701D-3703-4F83-9B3B-6167205CA89E}.Debug|x64.ActiveCfg = Debug|Win32
		{A6CD701D-3703-4F83-9B3B-6167205CA89E}.Release|Win32.ActiveCfg = Release|Win32
		{A6CD701D-3703-4F83-9B3B-6167205CA89E}.Release|Win32.Build.0 = Release|Win32
		{A6CD701D-3703-4F83-9B3B-6167205CA89E}.Release|x64.ActiveCfg = Release|Win32
		{412E9ACC-20AF-4FD3-8F84-402D468C25C2}.Debug|Win32.ActiveCfg = Debug|Win32
		{412E9ACC-20AF-4FD3-8F84-402D468C25C2}.Debug|Win32.Build.0 = Debug|Win32
		{412E9ACC-20AF-4FD3-8F84-402D468C25C2}.Debug|x64.ActiveCfg = Debug|Win32
		{412E9ACC-20AF-4FD3-8F84-402D468C25C2}.Release|Win32.ActiveCfg = Release|Win32
		{412E9ACC-20AF-4FD3-8F84-402D468C25C2}.Release|Win32.Build.0 = Release|Win32
		{412E9ACC-20AF-4FD3-8F84-402D468C25C2}.Release|x64.ActiveCfg = Release|Win32
		{ED941D97-9659-4C96-A752-BED9F099B6B4}.Debug|Win32.ActiveCfg = Debug|Win32
		{ED941D97-9659-4C96-A752-BED9F099B6B4}.Debug|Win32.Build.0 = Debug|Win32
		{ED941D97-9659-4C96-A752-BED9F099B6B4}.Debug|x64.ActiveCfg = Debug|x64
		{ED941D97-9659-4C96-A752-BED9F099B6B4}.Debug|x64.Build.0 = Debug|x64
		{ED941D97-9659-4C96-A752-BED9F099B6B4}.Release|Win32.ActiveCfg = Release|Win32
		{ED941D97-9659-4C96-A752-BED9F099B6B4}.Release|Win32.Build.0 = Release|Win32
		{ED941D97-9659-4C96-A752-BED9F099B6B4}.Release|x64.ActiveCfg = Release|x64
		{ED941D97-9659-4C96-A752-BED9F099B6B4}.Release|x64.Build.0 = Release|x64
		{1F92150B-85B1-4139-9297-88A3245D66AD}.Debug|Win32.ActiveCfg = Debug|Win32
		{1F92150B-85B1-4139-9297-88A3245D66AD}.Debug|Win32.Build.0 = Debug|Win32
		{1F92150B-85B1-4139-9297-88A3245D66AD}.Debug|x64.ActiveCfg = Debug|x64
		{1F92150B-85B1-4139-9297-88A3245D66AD}.Debug|x64.Build.0 = Debug|x64
		{1F92150B-85B1-4139-9297-88A3245D66AD}.Release|Win32.ActiveCfg = Release|Win32
		{1F92150B-85B1-4139-9297-88A3245D66AD}.Release|Win32.Build.0 = Release|Win32
		{1F92150B-85B1-4139-9297-88A3245D66AD}.Release|x64.ActiveCfg = Release|x64
		{1F92150B-85B1-4139-9297-88A3245D66AD}.Release|x64.Build.0 = Release|x64
		{AD6C8523-D799-41F1-9168-6EBFB97674E6}.Debug|Win32.ActiveCfg = Debug|Win32
		{AD6C8523-D799-41F1-9168-6EBFB97674E6}.Debug|Win32.Build.0 = Debug|Win32
		{AD6C8523-D799-41F1-9168-6EBFB97674E6}.Debug|x64.ActiveCfg = Debug|x64
		{AD6C8523-D799-41F1-9168-6EBFB97674E6}.Debug|x64.Build.0 = Debug|x64
		{AD6C8523-D799-41F1-9168-6EBFB97674E6}.Release|Win32.ActiveCfg = Release|Win32
		{AD6C8523-D799-41F1-9168-6EBFB97674E6}.Release|Win32.Build.0 = Release|Win32
		{AD6C8523-D799-41F1-9168-6EBFB97674E6}.Release|x64.ActiveCfg = Release|x64
		{AD6C8523-D799-41F1-9168-6EBFB97674E6}.Release|x64.Build.0 = Release|x64
	EndGlobalSection
	GlobalSection(SolutionProperties) = preSolution
		HideSolutionNode = FALSE
	EndGlobalSection
	GlobalSection(ExtensibilityGlobals) = postSolution
		SolutionGuid = {A9A6F5E9-5CB5-4C97-88E2-4605B654CA03}
	EndGlobalSection
EndGlobal
